
Microsoft Visual Studio Solution File, Format Version 12.00
# Visual Studio Version 16
VisualStudioVersion = 16.0.30523.141
MinimumVisualStudioVersion = 10.0.40219.1
Project("{FAE04EC0-301F-11D3-BF4B-00C04F79EFBC}") = "Econic.Mobile.Android", "Econic.Mobile\Econic.Mobile.Android\Econic.Mobile.Android.csproj", "{BDDA3B16-844B-4040-BE3E-307EF1AFA8BC}"
EndProject
Project("{FAE04EC0-301F-11D3-BF4B-00C04F79EFBC}") = "Econic.Mobile.iOS", "Econic.Mobile\Econic.Mobile.iOS\Econic.Mobile.iOS.csproj", "{9385895A-7FF9-4C9A-A848-297ED3F67E6E}"
EndProject
Project("{9A19103F-16F7-4668-BE54-9A1E7A4F7556}") = "Econic.Mobile", "Econic.Mobile\Econic.Mobile\Econic.Mobile.csproj", "{E7BE026B-4A78-4794-8F98-2AD75A8CD270}"
EndProject
Global
	GlobalSection(SolutionConfigurationPlatforms) = preSolution
		Debug|Any CPU = Debug|Any CPU
		Debug|iPhone = Debug|iPhone
		Debug|iPhoneSimulator = Debug|iPhoneSimulator
		Release|Any CPU = Release|Any CPU
		Release|iPhone = Release|iPhone
		Release|iPhoneSimulator = Release|iPhoneSimulator
	EndGlobalSection
	GlobalSection(ProjectConfigurationPlatforms) = postSolution
		{BDDA3B16-844B-4040-BE3E-307EF1AFA8BC}.Debug|Any CPU.ActiveCfg = Debug|Any CPU
		{BDDA3B16-844B-4040-BE3E-307EF1AFA8BC}.Debug|Any CPU.Build.0 = Debug|Any CPU
		{BDDA3B16-844B-4040-BE3E-307EF1AFA8BC}.Debug|Any CPU.Deploy.0 = Debug|Any CPU
		{BDDA3B16-844B-4040-BE3E-307EF1AFA8BC}.Debug|iPhone.ActiveCfg = Debug|Any CPU
		{BDDA3B16-844B-4040-BE3E-307EF1AFA8BC}.Debug|iPhone.Build.0 = Debug|Any CPU
		{BDDA3B16-844B-4040-BE3E-307EF1AFA8BC}.Debug|iPhone.Deploy.0 = Debug|Any CPU
		{BDDA3B16-844B-4040-BE3E-307EF1AFA8BC}.Debug|iPhoneSimulator.ActiveCfg = Debug|Any CPU
		{BDDA3B16-844B-4040-BE3E-307EF1AFA8BC}.Debug|iPhoneSimulator.Build.0 = Debug|Any CPU
		{BDDA3B16-844B-4040-BE3E-307EF1AFA8BC}.Debug|iPhoneSimulator.Deploy.0 = Debug|Any CPU
		{BDDA3B16-844B-4040-BE3E-307EF1AFA8BC}.Release|Any CPU.ActiveCfg = Release|Any CPU
		{BDDA3B16-844B-4040-BE3E-307EF1AFA8BC}.Release|Any CPU.Build.0 = Release|Any CPU
		{BDDA3B16-844B-4040-BE3E-307EF1AFA8BC}.Release|Any CPU.Deploy.0 = Release|Any CPU
		{BDDA3B16-844B-4040-BE3E-307EF1AFA8BC}.Release|iPhone.ActiveCfg = Release|Any CPU
		{BDDA3B16-844B-4040-BE3E-307EF1AFA8BC}.Release|iPhone.Build.0 = Release|Any CPU
		{BDDA3B16-844B-4040-BE3E-307EF1AFA8BC}.Release|iPhone.Deploy.0 = Release|Any CPU
		{BDDA3B16-844B-4040-BE3E-307EF1AFA8BC}.Release|iPhoneSimulator.ActiveCfg = Release|Any CPU
		{BDDA3B16-844B-4040-BE3E-307EF1AFA8BC}.Release|iPhoneSimulator.Build.0 = Release|Any CPU
		{BDDA3B16-844B-4040-BE3E-307EF1AFA8BC}.Release|iPhoneSimulator.Deploy.0 = Release|Any CPU
		{9385895A-7FF9-4C9A-A848-297ED3F67E6E}.Debug|Any CPU.ActiveCfg = Debug|iPhone
		{9385895A-7FF9-4C9A-A848-297ED3F67E6E}.Debug|Any CPU.Build.0 = Debug|iPhone
		{9385895A-7FF9-4C9A-A848-297ED3F67E6E}.Debug|Any CPU.Deploy.0 = Debug|iPhone
		{9385895A-7FF9-4C9A-A848-297ED3F67E6E}.Debug|iPhone.ActiveCfg = Debug|iPhone
		{9385895A-7FF9-4C9A-A848-297ED3F67E6E}.Debug|iPhone.Build.0 = Debug|iPhone
		{9385895A-7FF9-4C9A-A848-297ED3F67E6E}.Debug|iPhone.Deploy.0 = Debug|iPhone
		{9385895A-7FF9-4C9A-A848-297ED3F67E6E}.Debug|iPhoneSimulator.ActiveCfg = Debug|iPhoneSimulator
		{9385895A-7FF9-4C9A-A848-297ED3F67E6E}.Debug|iPhoneSimulator.Build.0 = Debug|iPhoneSimulator
		{9385895A-7FF9-4C9A-A848-297ED3F67E6E}.Debug|iPhoneSimulator.Deploy.0 = Debug|iPhoneSimulator
		{9385895A-7FF9-4C9A-A848-297ED3F67E6E}.Release|Any CPU.ActiveCfg = Release|iPhoneSimulator
		{9385895A-7FF9-4C9A-A848-297ED3F67E6E}.Release|Any CPU.Build.0 = Release|iPhoneSimulator
		{9385895A-7FF9-4C9A-A848-297ED3F67E6E}.Release|Any CPU.Deploy.0 = Release|iPhoneSimulator
		{9385895A-7FF9-4C9A-A848-297ED3F67E6E}.Release|iPhone.ActiveCfg = Release|iPhone
		{9385895A-7FF9-4C9A-A848-297ED3F67E6E}.Release|iPhone.Build.0 = Release|iPhone
		{9385895A-7FF9-4C9A-A848-297ED3F67E6E}.Release|iPhone.Deploy.0 = Release|iPhone
		{9385895A-7FF9-4C9A-A848-297ED3F67E6E}.Release|iPhoneSimulator.ActiveCfg = Release|iPhoneSimulator
		{9385895A-7FF9-4C9A-A848-297ED3F67E6E}.Release|iPhoneSimulator.Build.0 = Release|iPhoneSimulator
		{9385895A-7FF9-4C9A-A848-297ED3F67E6E}.Release|iPhoneSimulator.Deploy.0 = Release|iPhoneSimulator
		{E7BE026B-4A78-4794-8F98-2AD75A8CD270}.Debug|Any CPU.ActiveCfg = Debug|Any CPU
		{E7BE026B-4A78-4794-8F98-2AD75A8CD270}.Debug|Any CPU.Build.0 = Debug|Any CPU
		{E7BE026B-4A78-4794-8F98-2AD75A8CD270}.Debug|Any CPU.Deploy.0 = Debug|Any CPU
		{E7BE026B-4A78-4794-8F98-2AD75A8CD270}.Debug|iPhone.ActiveCfg = Debug|Any CPU
		{E7BE026B-4A78-4794-8F98-2AD75A8CD270}.Debug|iPhone.Build.0 = Debug|Any CPU
		{E7BE026B-4A78-4794-8F98-2AD75A8CD270}.Debug|iPhone.Deploy.0 = Debug|Any CPU
		{E7BE026B-4A78-4794-8F98-2AD75A8CD270}.Debug|iPhoneSimulator.ActiveCfg = Debug|Any CPU
		{E7BE026B-4A78-4794-8F98-2AD75A8CD270}.Debug|iPhoneSimulator.Build.0 = Debug|Any CPU
		{E7BE026B-4A78-4794-8F98-2AD75A8CD270}.Debug|iPhoneSimulator.Deploy.0 = Debug|Any CPU
		{E7BE026B-4A78-4794-8F98-2AD75A8CD270}.Release|Any CPU.ActiveCfg = Release|Any CPU
		{E7BE026B-4A78-4794-8F98-2AD75A8CD270}.Release|Any CPU.Build.0 = Release|Any CPU
		{E7BE026B-4A78-4794-8F98-2AD75A8CD270}.Release|Any CPU.Deploy.0 = Release|Any CPU
		{E7BE026B-4A78-4794-8F98-2AD75A8CD270}.Release|iPhone.ActiveCfg = Release|Any CPU
		{E7BE026B-4A78-4794-8F98-2AD75A8CD270}.Release|iPhone.Build.0 = Release|Any CPU
		{E7BE026B-4A78-4794-8F98-2AD75A8CD270}.Release|iPhone.Deploy.0 = Release|Any CPU
		{E7BE026B-4A78-4794-8F98-2AD75A8CD270}.Release|iPhoneSimulator.ActiveCfg = Release|Any CPU
		{E7BE026B-4A78-4794-8F98-2AD75A8CD270}.Release|iPhoneSimulator.Build.0 = Release|Any CPU
		{E7BE026B-4A78-4794-8F98-2AD75A8CD270}.Release|iPhoneSimulator.Deploy.0 = Release|Any CPU
	EndGlobalSection
	GlobalSection(SolutionProperties) = preSolution
		HideSolutionNode = FALSE
	EndGlobalSection
	GlobalSection(ExtensibilityGlobals) = postSolution
		SolutionGuid = {C28C04BB-21B7-47DF-86B3-5A58293E5714}
	EndGlobalSection
EndGlobal
